<?xml version="1.0" encoding="UTF-8"?>
<Scheme
   version = "1.3">
   <BuildAction>
      <BuildActionEntries>
         <BuildActionEntry
            buildForRunning = "YES">
            <BuildableReference
               BuildableIdentifier = "primary"
               BlueprintIdentifier = "FB37C48A2266F8920093521D"
               BuildableName = "AssignmentFourOne.app"
               BlueprintName = "AssignmentFourOne"
               ReferencedContainer = "container:AssignmentFourOne.xcodeproj">
            </BuildableReference>
         </BuildActionEntry>
      </BuildActionEntries>
   </BuildAction>
   <LaunchAction
      useCustomWorkingDirectory = "NO"
      buildConfiguration = "Debug"
      allowLocationSimulation = "YES">
      <BuildableProductRunnable>
         <BuildableReference
            BuildableIdentifier = "primary"
            BlueprintIdentifier = "FB37C48A2266F8920093521D"
            BuildableName = "AssignmentFourOne.app"
            BlueprintName = "AssignmentFourOne"
            ReferencedContainer = "container:AssignmentFourOne.xcodeproj">
         </BuildableReference>
      </BuildableProductRunnable>
   </LaunchAction>
</Scheme>
